
Microsoft Visual Studio Solution File, Format Version 12.00
# Visual Studio Version 17
VisualStudioVersion = 17.11.35219.272
MinimumVisualStudioVersion = 10.0.40219.1
Project("{FAE04EC0-301F-11D3-BF4B-00C04F79EFBC}") = "ConsoleApp13", "ConsoleApp13.csproj", "{B84183B8-BBC5-4944-A400-17C59BACED11}"
EndProject
Global
	GlobalSection(SolutionConfigurationPlatforms) = preSolution
		Debug|Any CPU = Debug|Any CPU
		Release|Any CPU = Release|Any CPU
	EndGlobalSection
	GlobalSection(ProjectConfigurationPlatforms) = postSolution
		{B84183B8-BBC5-4944-A400-17C59BACED11}.Debug|Any CPU.ActiveCfg = Debug|Any CPU
		{B84183B8-BBC5-4944-A400-17C59BACED11}.Debug|Any CPU.Build.0 = Debug|Any CPU
		{B84183B8-BBC5-4944-A400-17C59BACED11}.Release|Any CPU.ActiveCfg = Release|Any CPU
		{B84183B8-BBC5-4944-A400-17C59BACED11}.Release|Any CPU.Build.0 = Release|Any CPU
	EndGlobalSection
	GlobalSection(SolutionProperties) = preSolution
		HideSolutionNode = FALSE
	EndGlobalSection
	GlobalSection(ExtensibilityGlobals) = postSolution
		SolutionGuid = {2F8A3D1B-E892-45E6-AA96-3A3C4F4F5CB3}
	EndGlobalSection
EndGlobal
